
Microsoft Visual Studio Solution File, Format Version 12.00
# Visual Studio Version 16
VisualStudioVersion = 16.0.31402.337
MinimumVisualStudioVersion = 10.0.40219.1
Project("{9A19103F-16F7-4668-BE54-9A1E7A4F7556}") = "AsmGen", "AsmGen.csproj", "{B8930E86-946C-4831-B088-F571E73EEDC4}"
EndProject
Global
	GlobalSection(SolutionConfigurationPlatforms) = preSolution
		Debug|Any CPU = Debug|Any CPU
		Release|Any CPU = Release|Any CPU
	EndGlobalSection
	GlobalSection(ProjectConfigurationPlatforms) = postSolution
		{B8930E86-946C-4831-B088-F571E73EEDC4}.Debug|Any CPU.ActiveCfg = Debug|Any CPU
		{B8930E86-946C-4831-B088-F571E73EEDC4}.Debug|Any CPU.Build.0 = Debug|Any CPU
		{B8930E86-946C-4831-B088-F571E73EEDC4}.Release|Any CPU.ActiveCfg = Release|Any CPU
		{B8930E86-946C-4831-B088-F571E73EEDC4}.Release|Any CPU.Build.0 = Release|Any CPU
	EndGlobalSection
	GlobalSection(SolutionProperties) = preSolution
		HideSolutionNode = FALSE
	EndGlobalSection
	GlobalSection(ExtensibilityGlobals) = postSolution
		SolutionGuid = {4433D029-CD62-44B9-862E-A8DE52DA45CE}
	EndGlobalSection
EndGlobal
