
Microsoft Visual Studio Solution File, Format Version 12.00
# Visual Studio Version 17
VisualStudioVersion = 17.8.34511.84
MinimumVisualStudioVersion = 10.0.40219.1
Project("{8BC9CEB8-8B4A-11D0-8D11-00A0C91BC942}") = "Project1", "Project1.vcxproj", "{0AD46EB5-549E-4E36-9CEA-89D06CEE1B5E}"
EndProject
Global
	GlobalSection(SolutionConfigurationPlatforms) = preSolution
		Debug|x64 = Debug|x64
		Debug|x86 = Debug|x86
		Release|x64 = Release|x64
		Release|x86 = Release|x86
	EndGlobalSection
	GlobalSection(ProjectConfigurationPlatforms) = postSolution
		{0AD46EB5-549E-4E36-9CEA-89D06CEE1B5E}.Debug|x64.ActiveCfg = Debug|x64
		{0AD46EB5-549E-4E36-9CEA-89D06CEE1B5E}.Debug|x64.Build.0 = Debug|x64
		{0AD46EB5-549E-4E36-9CEA-89D06CEE1B5E}.Debug|x86.ActiveCfg = Debug|Win32
		{0AD46EB5-549E-4E36-9CEA-89D06CEE1B5E}.Debug|x86.Build.0 = Debug|Win32
		{0AD46EB5-549E-4E36-9CEA-89D06CEE1B5E}.Release|x64.ActiveCfg = Release|x64
		{0AD46EB5-549E-4E36-9CEA-89D06CEE1B5E}.Release|x64.Build.0 = Release|x64
		{0AD46EB5-549E-4E36-9CEA-89D06CEE1B5E}.Release|x86.ActiveCfg = Release|Win32
		{0AD46EB5-549E-4E36-9CEA-89D06CEE1B5E}.Release|x86.Build.0 = Release|Win32
	EndGlobalSection
	GlobalSection(SolutionProperties) = preSolution
		HideSolutionNode = FALSE
	EndGlobalSection
	GlobalSection(ExtensibilityGlobals) = postSolution
		SolutionGuid = {B31B466E-F833-4B33-9E21-74616F970AA2}
	EndGlobalSection
EndGlobal
