
Microsoft Visual Studio Solution File, Format Version 12.00
# Visual Studio Version 17
VisualStudioVersion = 17.4.33110.190
MinimumVisualStudioVersion = 10.0.40219.1
Project("{FAE04EC0-301F-11D3-BF4B-00C04F79EFBC}") = "c2cparse", "c2cparse.csproj", "{F9E172EC-1A9A-4908-9512-4547CD1CFD80}"
EndProject
Global
	GlobalSection(SolutionConfigurationPlatforms) = preSolution
		Debug|Any CPU = Debug|Any CPU
		Release|Any CPU = Release|Any CPU
	EndGlobalSection
	GlobalSection(ProjectConfigurationPlatforms) = postSolution
		{F9E172EC-1A9A-4908-9512-4547CD1CFD80}.Debug|Any CPU.ActiveCfg = Debug|Any CPU
		{F9E172EC-1A9A-4908-9512-4547CD1CFD80}.Debug|Any CPU.Build.0 = Debug|Any CPU
		{F9E172EC-1A9A-4908-9512-4547CD1CFD80}.Release|Any CPU.ActiveCfg = Release|Any CPU
		{F9E172EC-1A9A-4908-9512-4547CD1CFD80}.Release|Any CPU.Build.0 = Release|Any CPU
	EndGlobalSection
	GlobalSection(SolutionProperties) = preSolution
		HideSolutionNode = FALSE
	EndGlobalSection
	GlobalSection(ExtensibilityGlobals) = postSolution
		SolutionGuid = {4C3856A5-1183-4D5F-80BE-3D694765A594}
	EndGlobalSection
EndGlobal
